
Microsoft Visual Studio Solution File, Format Version 12.00
# Visual Studio Version 16
VisualStudioVersion = 16.0.30711.63
MinimumVisualStudioVersion = 10.0.40219.1
Project("{FAE04EC0-301F-11D3-BF4B-00C04F79EFBC}") = "Smiley", "Smiley\Smiley.csproj", "{D5AFAF18-F534-4063-AFD6-CC15426B60CF}"
EndProject
Global
	GlobalSection(SolutionConfigurationPlatforms) = preSolution
		Debug|Any CPU = Debug|Any CPU
		Release|Any CPU = Release|Any CPU
	EndGlobalSection
	GlobalSection(ProjectConfigurationPlatforms) = postSolution
		{D5AFAF18-F534-4063-AFD6-CC15426B60CF}.Debug|Any CPU.ActiveCfg = Debug|Any CPU
		{D5AFAF18-F534-4063-AFD6-CC15426B60CF}.Debug|Any CPU.Build.0 = Debug|Any CPU
		{D5AFAF18-F534-4063-AFD6-CC15426B60CF}.Release|Any CPU.ActiveCfg = Release|Any CPU
		{D5AFAF18-F534-4063-AFD6-CC15426B60CF}.Release|Any CPU.Build.0 = Release|Any CPU
	EndGlobalSection
	GlobalSection(SolutionProperties) = preSolution
		HideSolutionNode = FALSE
	EndGlobalSection
	GlobalSection(ExtensibilityGlobals) = postSolution
		SolutionGuid = {1A691819-BEF3-4F35-B07E-D2EC9606DC62}
	EndGlobalSection
EndGlobal
